
Microsoft Visual Studio Solution File, Format Version 11.00
# Visual C++ Express 2010
Project("{8BC9CEB8-8B4A-11D0-8D11-00A0C91BC942}") = "NelderMead", "NelderMead\NelderMead.vcxproj", "{342FDE31-BD35-49FD-B86F-07241990103C}"
EndProject
Global
	GlobalSection(SolutionConfigurationPlatforms) = preSolution
		Debug|Win32 = Debug|Win32
		Release|Win32 = Release|Win32
	EndGlobalSection
	GlobalSection(ProjectConfigurationPlatforms) = postSolution
		{342FDE31-BD35-49FD-B86F-07241990103C}.Debug|Win32.ActiveCfg = Debug|Win32
		{342FDE31-BD35-49FD-B86F-07241990103C}.Debug|Win32.Build.0 = Debug|Win32
		{342FDE31-BD35-49FD-B86F-07241990103C}.Release|Win32.ActiveCfg = Release|Win32
		{342FDE31-BD35-49FD-B86F-07241990103C}.Release|Win32.Build.0 = Release|Win32
	EndGlobalSection
	GlobalSection(SolutionProperties) = preSolution
		HideSolutionNode = FALSE
	EndGlobalSection
EndGlobal
